
Microsoft Visual Studio Solution File, Format Version 12.00
# Visual Studio 2012
Project("{FAE04EC0-301F-11D3-BF4B-00C04F79EFBC}") = "AC.Core", "AC.Core\AC.Core.csproj", "{FDF6B367-6E74-4E7E-BEA8-FD53D6278C9A}"
EndProject
Project("{FAE04EC0-301F-11D3-BF4B-00C04F79EFBC}") = "AC.Data", "AC.Data\AC.Data.csproj", "{FA85394F-AC26-4F5F-B192-CB3B96CC4C18}"
EndProject
Project("{FAE04EC0-301F-11D3-BF4B-00C04F79EFBC}") = "AC.CodeGenerator", "AC.CodeGenerator\AC.CodeGenerator.csproj", "{32A0597B-29EC-421E-ACEE-790085E652F1}"
EndProject
Project("{FAE04EC0-301F-11D3-BF4B-00C04F79EFBC}") = "AC.Json", "AC.Json\AC.Json.csproj", "{F5C67C40-17EE-412F-ACF4-80AEBFFC839B}"
EndProject
Project("{2150E333-8FDC-42A3-9474-1A3956D46DE8}") = "Tests", "Tests", "{BD36144A-1605-4A17-9A1B-CB6BA8294D1B}"
EndProject
Project("{2150E333-8FDC-42A3-9474-1A3956D46DE8}") = ".nuget", ".nuget", "{B533D512-1075-4401-A47B-111CB0517A3D}"
	ProjectSection(SolutionItems) = preProject
		.nuget\packages.config = .nuget\packages.config
	EndProjectSection
EndProject
Project("{FAE04EC0-301F-11D3-BF4B-00C04F79EFBC}") = "AC.Core.Tests", "AC.Core.Tests\AC.Core.Tests.csproj", "{F5C58063-2D41-4704-81AD-B5C6FF283256}"
EndProject
Project("{FAE04EC0-301F-11D3-BF4B-00C04F79EFBC}") = "AC.Data.Tests", "AC.Data.Tests\AC.Data.Tests.csproj", "{E38D3E08-B428-48C7-8533-C82931BE943B}"
EndProject
Project("{FAE04EC0-301F-11D3-BF4B-00C04F79EFBC}") = "AC.Json.Tests", "AC.Json.Tests\AC.Json.Tests.csproj", "{0B0D0131-BC14-45B0-BFE7-6B00D48D6748}"
EndProject
Project("{FAE04EC0-301F-11D3-BF4B-00C04F79EFBC}") = "AC.CodeGenerator.Tests", "AC.CodeGenerator.Tests\AC.CodeGenerator.Tests.csproj", "{7C1F2668-B54D-4E6B-AFDB-878A7B58C27D}"
EndProject
Project("{FAE04EC0-301F-11D3-BF4B-00C04F79EFBC}") = "AC.Cache", "AC.Cache\AC.Cache.csproj", "{E49C8E66-F363-4DE3-9943-E545FAA122C4}"
EndProject
Project("{FAE04EC0-301F-11D3-BF4B-00C04F79EFBC}") = "AC.Cache.Tests", "AC.Cache.Tests\AC.Cache.Tests.csproj", "{EC67F122-8800-4B09-82BA-655C6A300AAB}"
EndProject
Project("{FAE04EC0-301F-11D3-BF4B-00C04F79EFBC}") = "AC.Image", "AC.Image\AC.Image.csproj", "{57619FDA-7654-4147-B578-F243CE161521}"
EndProject
Project("{FAE04EC0-301F-11D3-BF4B-00C04F79EFBC}") = "AC.Spring", "AC.Spring\AC.Spring.csproj", "{2429D261-9086-43DC-9D25-DB1B26CE23DB}"
EndProject
Project("{FAE04EC0-301F-11D3-BF4B-00C04F79EFBC}") = "AC.Common", "AC.Common\AC.Common.csproj", "{C4D5E6B0-AEA1-4ACC-BABD-3CCFDFCB6BF2}"
EndProject
Global
	GlobalSection(SolutionConfigurationPlatforms) = preSolution
		Debug|Any CPU = Debug|Any CPU
		Release|Any CPU = Release|Any CPU
	EndGlobalSection
	GlobalSection(ProjectConfigurationPlatforms) = postSolution
		{FDF6B367-6E74-4E7E-BEA8-FD53D6278C9A}.Debug|Any CPU.ActiveCfg = Debug|Any CPU
		{FDF6B367-6E74-4E7E-BEA8-FD53D6278C9A}.Debug|Any CPU.Build.0 = Debug|Any CPU
		{FDF6B367-6E74-4E7E-BEA8-FD53D6278C9A}.Release|Any CPU.ActiveCfg = Release|Any CPU
		{FDF6B367-6E74-4E7E-BEA8-FD53D6278C9A}.Release|Any CPU.Build.0 = Release|Any CPU
		{FA85394F-AC26-4F5F-B192-CB3B96CC4C18}.Debug|Any CPU.ActiveCfg = Debug|Any CPU
		{FA85394F-AC26-4F5F-B192-CB3B96CC4C18}.Debug|Any CPU.Build.0 = Debug|Any CPU
		{FA85394F-AC26-4F5F-B192-CB3B96CC4C18}.Release|Any CPU.ActiveCfg = Release|Any CPU
		{FA85394F-AC26-4F5F-B192-CB3B96CC4C18}.Release|Any CPU.Build.0 = Release|Any CPU
		{32A0597B-29EC-421E-ACEE-790085E652F1}.Debug|Any CPU.ActiveCfg = Debug|Any CPU
		{32A0597B-29EC-421E-ACEE-790085E652F1}.Debug|Any CPU.Build.0 = Debug|Any CPU
		{32A0597B-29EC-421E-ACEE-790085E652F1}.Release|Any CPU.ActiveCfg = Release|Any CPU
		{32A0597B-29EC-421E-ACEE-790085E652F1}.Release|Any CPU.Build.0 = Release|Any CPU
		{F5C67C40-17EE-412F-ACF4-80AEBFFC839B}.Debug|Any CPU.ActiveCfg = Debug|Any CPU
		{F5C67C40-17EE-412F-ACF4-80AEBFFC839B}.Debug|Any CPU.Build.0 = Debug|Any CPU
		{F5C67C40-17EE-412F-ACF4-80AEBFFC839B}.Release|Any CPU.ActiveCfg = Release|Any CPU
		{F5C67C40-17EE-412F-ACF4-80AEBFFC839B}.Release|Any CPU.Build.0 = Release|Any CPU
		{F5C58063-2D41-4704-81AD-B5C6FF283256}.Debug|Any CPU.ActiveCfg = Debug|Any CPU
		{F5C58063-2D41-4704-81AD-B5C6FF283256}.Debug|Any CPU.Build.0 = Debug|Any CPU
		{F5C58063-2D41-4704-81AD-B5C6FF283256}.Release|Any CPU.ActiveCfg = Release|Any CPU
		{F5C58063-2D41-4704-81AD-B5C6FF283256}.Release|Any CPU.Build.0 = Release|Any CPU
		{E38D3E08-B428-48C7-8533-C82931BE943B}.Debug|Any CPU.ActiveCfg = Debug|Any CPU
		{E38D3E08-B428-48C7-8533-C82931BE943B}.Debug|Any CPU.Build.0 = Debug|Any CPU
		{E38D3E08-B428-48C7-8533-C82931BE943B}.Release|Any CPU.ActiveCfg = Release|Any CPU
		{E38D3E08-B428-48C7-8533-C82931BE943B}.Release|Any CPU.Build.0 = Release|Any CPU
		{0B0D0131-BC14-45B0-BFE7-6B00D48D6748}.Debug|Any CPU.ActiveCfg = Debug|Any CPU
		{0B0D0131-BC14-45B0-BFE7-6B00D48D6748}.Debug|Any CPU.Build.0 = Debug|Any CPU
		{0B0D0131-BC14-45B0-BFE7-6B00D48D6748}.Release|Any CPU.ActiveCfg = Release|Any CPU
		{0B0D0131-BC14-45B0-BFE7-6B00D48D6748}.Release|Any CPU.Build.0 = Release|Any CPU
		{7C1F2668-B54D-4E6B-AFDB-878A7B58C27D}.Debug|Any CPU.ActiveCfg = Debug|Any CPU
		{7C1F2668-B54D-4E6B-AFDB-878A7B58C27D}.Debug|Any CPU.Build.0 = Debug|Any CPU
		{7C1F2668-B54D-4E6B-AFDB-878A7B58C27D}.Release|Any CPU.ActiveCfg = Release|Any CPU
		{7C1F2668-B54D-4E6B-AFDB-878A7B58C27D}.Release|Any CPU.Build.0 = Release|Any CPU
		{E49C8E66-F363-4DE3-9943-E545FAA122C4}.Debug|Any CPU.ActiveCfg = Debug|Any CPU
		{E49C8E66-F363-4DE3-9943-E545FAA122C4}.Debug|Any CPU.Build.0 = Debug|Any CPU
		{E49C8E66-F363-4DE3-9943-E545FAA122C4}.Release|Any CPU.ActiveCfg = Release|Any CPU
		{E49C8E66-F363-4DE3-9943-E545FAA122C4}.Release|Any CPU.Build.0 = Release|Any CPU
		{EC67F122-8800-4B09-82BA-655C6A300AAB}.Debug|Any CPU.ActiveCfg = Debug|Any CPU
		{EC67F122-8800-4B09-82BA-655C6A300AAB}.Debug|Any CPU.Build.0 = Debug|Any CPU
		{EC67F122-8800-4B09-82BA-655C6A300AAB}.Release|Any CPU.ActiveCfg = Release|Any CPU
		{EC67F122-8800-4B09-82BA-655C6A300AAB}.Release|Any CPU.Build.0 = Release|Any CPU
		{57619FDA-7654-4147-B578-F243CE161521}.Debug|Any CPU.ActiveCfg = Debug|Any CPU
		{57619FDA-7654-4147-B578-F243CE161521}.Debug|Any CPU.Build.0 = Debug|Any CPU
		{57619FDA-7654-4147-B578-F243CE161521}.Release|Any CPU.ActiveCfg = Release|Any CPU
		{57619FDA-7654-4147-B578-F243CE161521}.Release|Any CPU.Build.0 = Release|Any CPU
		{2429D261-9086-43DC-9D25-DB1B26CE23DB}.Debug|Any CPU.ActiveCfg = Debug|Any CPU
		{2429D261-9086-43DC-9D25-DB1B26CE23DB}.Debug|Any CPU.Build.0 = Debug|Any CPU
		{2429D261-9086-43DC-9D25-DB1B26CE23DB}.Release|Any CPU.ActiveCfg = Release|Any CPU
		{2429D261-9086-43DC-9D25-DB1B26CE23DB}.Release|Any CPU.Build.0 = Release|Any CPU
		{C4D5E6B0-AEA1-4ACC-BABD-3CCFDFCB6BF2}.Debug|Any CPU.ActiveCfg = Debug|Any CPU
		{C4D5E6B0-AEA1-4ACC-BABD-3CCFDFCB6BF2}.Debug|Any CPU.Build.0 = Debug|Any CPU
		{C4D5E6B0-AEA1-4ACC-BABD-3CCFDFCB6BF2}.Release|Any CPU.ActiveCfg = Release|Any CPU
		{C4D5E6B0-AEA1-4ACC-BABD-3CCFDFCB6BF2}.Release|Any CPU.Build.0 = Release|Any CPU
	EndGlobalSection
	GlobalSection(SolutionProperties) = preSolution
		HideSolutionNode = FALSE
	EndGlobalSection
	GlobalSection(NestedProjects) = preSolution
		{F5C58063-2D41-4704-81AD-B5C6FF283256} = {BD36144A-1605-4A17-9A1B-CB6BA8294D1B}
		{E38D3E08-B428-48C7-8533-C82931BE943B} = {BD36144A-1605-4A17-9A1B-CB6BA8294D1B}
		{0B0D0131-BC14-45B0-BFE7-6B00D48D6748} = {BD36144A-1605-4A17-9A1B-CB6BA8294D1B}
		{7C1F2668-B54D-4E6B-AFDB-878A7B58C27D} = {BD36144A-1605-4A17-9A1B-CB6BA8294D1B}
		{EC67F122-8800-4B09-82BA-655C6A300AAB} = {BD36144A-1605-4A17-9A1B-CB6BA8294D1B}
	EndGlobalSection
EndGlobal
